
Microsoft Visual Studio Solution File, Format Version 12.00
# Visual Studio Version 17
VisualStudioVersion = 17.0.31903.59
MinimumVisualStudioVersion = 10.0.40219.1
Project("{2150E333-8FDC-42A3-9474-1A3956D46DE8}") = "Src", "Src", "{8C856098-1A1A-40C5-BB3A-4EA988D98916}"
EndProject
Project("{FAE04EC0-301F-11D3-BF4B-00C04F79EFBC}") = "Proj1.Cli", "Src\Proj1.Cli\Proj1.Cli.csproj", "{458AECDE-3517-42FF-BF80-90A5F783ED6E}"
EndProject
Project("{FAE04EC0-301F-11D3-BF4B-00C04F79EFBC}") = "Proj1.Lib", "Src\Proj1.Lib\Proj1.Lib.csproj", "{42B09BDA-533A-430F-9DFF-75BC8CEE7E6B}"
EndProject
Global
	GlobalSection(SolutionConfigurationPlatforms) = preSolution
		Debug|Any CPU = Debug|Any CPU
		Release|Any CPU = Release|Any CPU
	EndGlobalSection
	GlobalSection(SolutionProperties) = preSolution
		HideSolutionNode = FALSE
	EndGlobalSection
	GlobalSection(ProjectConfigurationPlatforms) = postSolution
		{458AECDE-3517-42FF-BF80-90A5F783ED6E}.Debug|Any CPU.ActiveCfg = Debug|Any CPU
		{458AECDE-3517-42FF-BF80-90A5F783ED6E}.Debug|Any CPU.Build.0 = Debug|Any CPU
		{458AECDE-3517-42FF-BF80-90A5F783ED6E}.Release|Any CPU.ActiveCfg = Release|Any CPU
		{458AECDE-3517-42FF-BF80-90A5F783ED6E}.Release|Any CPU.Build.0 = Release|Any CPU
		{42B09BDA-533A-430F-9DFF-75BC8CEE7E6B}.Debug|Any CPU.ActiveCfg = Debug|Any CPU
		{42B09BDA-533A-430F-9DFF-75BC8CEE7E6B}.Debug|Any CPU.Build.0 = Debug|Any CPU
		{42B09BDA-533A-430F-9DFF-75BC8CEE7E6B}.Release|Any CPU.ActiveCfg = Release|Any CPU
		{42B09BDA-533A-430F-9DFF-75BC8CEE7E6B}.Release|Any CPU.Build.0 = Release|Any CPU
	EndGlobalSection
	GlobalSection(NestedProjects) = preSolution
		{458AECDE-3517-42FF-BF80-90A5F783ED6E} = {8C856098-1A1A-40C5-BB3A-4EA988D98916}
		{42B09BDA-533A-430F-9DFF-75BC8CEE7E6B} = {8C856098-1A1A-40C5-BB3A-4EA988D98916}
	EndGlobalSection
EndGlobal
